
Microsoft Visual Studio Solution File, Format Version 12.00
# Visual Studio Version 17
VisualStudioVersion = 17.14.36127.28 d17.14
MinimumVisualStudioVersion = 10.0.40219.1
Project("{FAE04EC0-301F-11D3-BF4B-00C04F79EFBC}") = "SfCompulsory_cs", "SfCompulsory_cs.csproj", "{859DBED6-C00E-4D73-8EE0-43DCB2B6AE3D}"
EndProject
Global
	GlobalSection(SolutionConfigurationPlatforms) = preSolution
		Debug|Any CPU = Debug|Any CPU
		Release|Any CPU = Release|Any CPU
	EndGlobalSection
	GlobalSection(ProjectConfigurationPlatforms) = postSolution
		{859DBED6-C00E-4D73-8EE0-43DCB2B6AE3D}.Debug|Any CPU.ActiveCfg = Debug|Any CPU
		{859DBED6-C00E-4D73-8EE0-43DCB2B6AE3D}.Debug|Any CPU.Build.0 = Debug|Any CPU
		{859DBED6-C00E-4D73-8EE0-43DCB2B6AE3D}.Release|Any CPU.ActiveCfg = Release|Any CPU
		{859DBED6-C00E-4D73-8EE0-43DCB2B6AE3D}.Release|Any CPU.Build.0 = Release|Any CPU
	EndGlobalSection
	GlobalSection(SolutionProperties) = preSolution
		HideSolutionNode = FALSE
	EndGlobalSection
	GlobalSection(ExtensibilityGlobals) = postSolution
		SolutionGuid = {B799FE10-CA0D-463F-A1DA-2A501D155B73}
	EndGlobalSection
EndGlobal
